
Microsoft Visual Studio Solution File, Format Version 12.00
# Visual Studio Version 17
VisualStudioVersion = 17.11.35312.102
MinimumVisualStudioVersion = 10.0.40219.1
Project("{FAE04EC0-301F-11D3-BF4B-00C04F79EFBC}") = "Act2PI", "Act2PI\Act2PI.csproj", "{C63E6C40-FEFF-4DE5-AB22-076F22A835DD}"
EndProject
Project("{FAE04EC0-301F-11D3-BF4B-00C04F79EFBC}") = "TestAct2PI", "TestAct2PI\TestAct2PI.csproj", "{2D5195C8-86F0-4100-BD8B-F439EB6D3422}"
EndProject
Global
	GlobalSection(SolutionConfigurationPlatforms) = preSolution
		Debug|Any CPU = Debug|Any CPU
		Release|Any CPU = Release|Any CPU
	EndGlobalSection
	GlobalSection(ProjectConfigurationPlatforms) = postSolution
		{C63E6C40-FEFF-4DE5-AB22-076F22A835DD}.Debug|Any CPU.ActiveCfg = Debug|Any CPU
		{C63E6C40-FEFF-4DE5-AB22-076F22A835DD}.Debug|Any CPU.Build.0 = Debug|Any CPU
		{C63E6C40-FEFF-4DE5-AB22-076F22A835DD}.Release|Any CPU.ActiveCfg = Release|Any CPU
		{C63E6C40-FEFF-4DE5-AB22-076F22A835DD}.Release|Any CPU.Build.0 = Release|Any CPU
		{2D5195C8-86F0-4100-BD8B-F439EB6D3422}.Debug|Any CPU.ActiveCfg = Debug|Any CPU
		{2D5195C8-86F0-4100-BD8B-F439EB6D3422}.Debug|Any CPU.Build.0 = Debug|Any CPU
		{2D5195C8-86F0-4100-BD8B-F439EB6D3422}.Release|Any CPU.ActiveCfg = Release|Any CPU
		{2D5195C8-86F0-4100-BD8B-F439EB6D3422}.Release|Any CPU.Build.0 = Release|Any CPU
	EndGlobalSection
	GlobalSection(SolutionProperties) = preSolution
		HideSolutionNode = FALSE
	EndGlobalSection
	GlobalSection(ExtensibilityGlobals) = postSolution
		SolutionGuid = {08DF128C-8F8F-42E9-B668-7A96FB6116DF}
	EndGlobalSection
EndGlobal
